
Microsoft Visual Studio Solution File, Format Version 12.00
# Visual Studio Version 17
VisualStudioVersion = 17.11.35219.272
MinimumVisualStudioVersion = 10.0.40219.1
Project("{FAE04EC0-301F-11D3-BF4B-00C04F79EFBC}") = "f", "f.csproj", "{7040C96C-5EEC-4D3C-B504-C1AD0375B20A}"
EndProject
Project("{FAE04EC0-301F-11D3-BF4B-00C04F79EFBC}") = "s", "..\s\s.csproj", "{15D5100E-91BC-4986-AF57-79C9E86597AD}"
EndProject
Global
	GlobalSection(SolutionConfigurationPlatforms) = preSolution
		Debug|Any CPU = Debug|Any CPU
		Release|Any CPU = Release|Any CPU
	EndGlobalSection
	GlobalSection(ProjectConfigurationPlatforms) = postSolution
		{7040C96C-5EEC-4D3C-B504-C1AD0375B20A}.Debug|Any CPU.ActiveCfg = Debug|Any CPU
		{7040C96C-5EEC-4D3C-B504-C1AD0375B20A}.Debug|Any CPU.Build.0 = Debug|Any CPU
		{7040C96C-5EEC-4D3C-B504-C1AD0375B20A}.Release|Any CPU.ActiveCfg = Release|Any CPU
		{7040C96C-5EEC-4D3C-B504-C1AD0375B20A}.Release|Any CPU.Build.0 = Release|Any CPU
		{15D5100E-91BC-4986-AF57-79C9E86597AD}.Debug|Any CPU.ActiveCfg = Debug|Any CPU
		{15D5100E-91BC-4986-AF57-79C9E86597AD}.Debug|Any CPU.Build.0 = Debug|Any CPU
		{15D5100E-91BC-4986-AF57-79C9E86597AD}.Release|Any CPU.ActiveCfg = Release|Any CPU
		{15D5100E-91BC-4986-AF57-79C9E86597AD}.Release|Any CPU.Build.0 = Release|Any CPU
	EndGlobalSection
	GlobalSection(SolutionProperties) = preSolution
		HideSolutionNode = FALSE
	EndGlobalSection
	GlobalSection(ExtensibilityGlobals) = postSolution
		SolutionGuid = {6FC5355C-AED6-45C3-9327-4EF7080EEFEC}
	EndGlobalSection
EndGlobal
